
Microsoft Visual Studio Solution File, Format Version 12.00
# Visual Studio 15
VisualStudioVersion = 15.0.27703.2042
MinimumVisualStudioVersion = 10.0.40219.1
Project("{FAE04EC0-301F-11D3-BF4B-00C04F79EFBC}") = "ASP.Net Guestbook", "ASP.Net Guestbook\ASP.Net Guestbook.csproj", "{9A8C17AA-9A45-4276-ACC8-4B7179FEC47A}"
EndProject
Global
	GlobalSection(SolutionConfigurationPlatforms) = preSolution
		Debug|Any CPU = Debug|Any CPU
		Release|Any CPU = Release|Any CPU
	EndGlobalSection
	GlobalSection(ProjectConfigurationPlatforms) = postSolution
		{9A8C17AA-9A45-4276-ACC8-4B7179FEC47A}.Debug|Any CPU.ActiveCfg = Debug|Any CPU
		{9A8C17AA-9A45-4276-ACC8-4B7179FEC47A}.Debug|Any CPU.Build.0 = Debug|Any CPU
		{9A8C17AA-9A45-4276-ACC8-4B7179FEC47A}.Release|Any CPU.ActiveCfg = Release|Any CPU
		{9A8C17AA-9A45-4276-ACC8-4B7179FEC47A}.Release|Any CPU.Build.0 = Release|Any CPU
	EndGlobalSection
	GlobalSection(SolutionProperties) = preSolution
		HideSolutionNode = FALSE
	EndGlobalSection
	GlobalSection(ExtensibilityGlobals) = postSolution
		SolutionGuid = {ADEE2781-796B-448E-9ED5-59EED63A5089}
	EndGlobalSection
EndGlobal
